[root]
name = "bgfx_rs"
version = "0.1.0"
dependencies = [
 "libc 0.2.9 (registry+https://github.com/rust-lang/crates.io-index)",
 "prodbg_api 0.1.0",
]

[[package]]
name = "bitflags"
version = "0.3.3"
source = "registry+https://github.com/rust-lang/crates.io-index"

[[package]]
name = "gcc"
version = "0.3.26"
source = "registry+https://github.com/rust-lang/crates.io-index"

[[package]]
name = "libc"
version = "0.2.9"
source = "registry+https://github.com/rust-lang/crates.io-index"

[[package]]
name = "prodbg_api"
version = "0.1.0"
dependencies = [
 "bitflags 0.3.3 (registry+https://github.com/rust-lang/crates.io-index)",
 "gcc 0.3.26 (registry+https://github.com/rust-lang/crates.io-index)",
 "libc 0.2.9 (registry+https://github.com/rust-lang/crates.io-index)",
]

